{
    "version": 3,
    "terraform_version": "0.11.7",
    "serial": 2,
    "lineage": "1b5425f5-9e68-61c7-b45b-40ba73062703",
    "modules": [
        {
            "path": [
                "root"
            ],
            "outputs": {},
            "resources": {
                "azurerm_managed_disk.disk": {
                    "type": "azurerm_managed_disk",
                    "depends_on": [
                        "azurerm_resource_group.rg1"
                    ],
                    "primary": {
                        "id": "/subscriptions/68f7a3c9-bc05-4910-95bd-f8a855af81ed/resourceGroups/AveResGr1/providers/Microsoft.Compute/disks/AveManDisk1",
                        "attributes": {
                            "create_option": "Empty",
                            "disk_size_gb": "7",
                            "id": "/subscriptions/68f7a3c9-bc05-4910-95bd-f8a855af81ed/resourceGroups/AveResGr1/providers/Microsoft.Compute/disks/AveManDisk1",
                            "location": "westus2",
                            "name": "AveManDisk1",
                            "resource_group_name": "AveResGr1",
                            "storage_account_type": "Standard_LRS",
                            "tags.%": "0",
                            "zones.#": "0"
                        },
                        "meta": {},
                        "tainted": false
                    },
                    "deposed": [],
                    "provider": "provider.azurerm"
                },
                "azurerm_network_interface.nic": {
                    "type": "azurerm_network_interface",
                    "depends_on": [
                        "data.azurerm_subnet.subnet"
                    ],
                    "primary": {
                        "id": "/subscriptions/68f7a3c9-bc05-4910-95bd-f8a855af81ed/resourceGroups/AveResGr1/providers/Microsoft.Network/networkInterfaces/AveNetInt1",
                        "attributes": {
                            "applied_dns_servers.#": "0",
                            "dns_servers.#": "0",
                            "enable_accelerated_networking": "false",
                            "enable_ip_forwarding": "false",
                            "id": "/subscriptions/68f7a3c9-bc05-4910-95bd-f8a855af81ed/resourceGroups/AveResGr1/providers/Microsoft.Network/networkInterfaces/AveNetInt1",
                            "internal_dns_name_label": "",
                            "internal_fqdn": "",
                            "ip_configuration.#": "1",
                            "ip_configuration.0.application_gateway_backend_address_pools_ids.#": "0",
                            "ip_configuration.0.application_security_group_ids.#": "0",
                            "ip_configuration.0.load_balancer_backend_address_pools_ids.#": "0",
                            "ip_configuration.0.load_balancer_inbound_nat_rules_ids.#": "0",
                            "ip_configuration.0.name": "AveIpConf",
                            "ip_configuration.0.primary": "true",
                            "ip_configuration.0.private_ip_address": "",
                            "ip_configuration.0.private_ip_address_allocation": "dynamic",
                            "ip_configuration.0.public_ip_address_id": "",
                            "ip_configuration.0.subnet_id": "/subscriptions/68f7a3c9-bc05-4910-95bd-f8a855af81ed/resourceGroups/AveResGr1/providers/Microsoft.Network/virtualNetworks/virtualNetwork1/subnets/sub1",
                            "location": "westus2",
                            "mac_address": "",
                            "name": "AveNetInt1",
                            "network_security_group_id": "",
                            "private_ip_address": "10.0.1.4",
                            "private_ip_addresses.#": "1",
                            "private_ip_addresses.0": "10.0.1.4",
                            "resource_group_name": "AveResGr1",
                            "tags.%": "0"
                        },
                        "meta": {},
                        "tainted": false
                    },
                    "deposed": [],
                    "provider": "provider.azurerm"
                },
                "azurerm_resource_group.rg1": {
                    "type": "azurerm_resource_group",
                    "depends_on": [],
                    "primary": {
                        "id": "/subscriptions/68f7a3c9-bc05-4910-95bd-f8a855af81ed/resourceGroups/AveResGr1",
                        "attributes": {
                            "id": "/subscriptions/68f7a3c9-bc05-4910-95bd-f8a855af81ed/resourceGroups/AveResGr1",
                            "location": "westus2",
                            "name": "AveResGr1",
                            "tags.%": "0"
                        },
                        "meta": {},
                        "tainted": false
                    },
                    "deposed": [],
                    "provider": "provider.azurerm"
                },
                "azurerm_virtual_network.vnet1": {
                    "type": "azurerm_virtual_network",
                    "depends_on": [
                        "azurerm_resource_group.rg1"
                    ],
                    "primary": {
                        "id": "/subscriptions/68f7a3c9-bc05-4910-95bd-f8a855af81ed/resourceGroups/AveResGr1/providers/Microsoft.Network/virtualNetworks/virtualNetwork1",
                        "attributes": {
                            "address_space.#": "1",
                            "address_space.0": "10.0.0.0/16",
                            "dns_servers.#": "2",
                            "dns_servers.0": "10.0.0.4",
                            "dns_servers.1": "10.0.0.5",
                            "id": "/subscriptions/68f7a3c9-bc05-4910-95bd-f8a855af81ed/resourceGroups/AveResGr1/providers/Microsoft.Network/virtualNetworks/virtualNetwork1",
                            "location": "westus2",
                            "name": "virtualNetwork1",
                            "resource_group_name": "AveResGr1",
                            "subnet.#": "1",
                            "subnet.543111640.address_prefix": "10.0.1.0/24",
                            "subnet.543111640.name": "sub1",
                            "subnet.543111640.security_group": "",
                            "tags.%": "1",
                            "tags.environment": "Production"
                        },
                        "meta": {},
                        "tainted": false
                    },
                    "deposed": [],
                    "provider": "provider.azurerm"
                },
                "data.azurerm_subnet.subnet": {
                    "type": "azurerm_subnet",
                    "depends_on": [
                        "azurerm_resource_group.rg1",
                        "azurerm_virtual_network.vnet1"
                    ],
                    "primary": {
                        "id": "/subscriptions/68f7a3c9-bc05-4910-95bd-f8a855af81ed/resourceGroups/AveResGr1/providers/Microsoft.Network/virtualNetworks/virtualNetwork1/subnets/sub1",
                        "attributes": {
                            "address_prefix": "10.0.1.0/24",
                            "id": "/subscriptions/68f7a3c9-bc05-4910-95bd-f8a855af81ed/resourceGroups/AveResGr1/providers/Microsoft.Network/virtualNetworks/virtualNetwork1/subnets/sub1",
                            "ip_configurations.#": "0",
                            "name": "sub1",
                            "network_security_group_id": "",
                            "resource_group_name": "AveResGr1",
                            "route_table_id": "",
                            "virtual_network_name": "virtualNetwork1"
                        },
                        "meta": {},
                        "tainted": false
                    },
                    "deposed": [],
                    "provider": "provider.azurerm"
                }
            },
            "depends_on": []
        }
    ]
}
